
Microsoft Visual Studio Solution File, Format Version 12.00
# Visual Studio Version 16
VisualStudioVersion = 16.0.29409.12
MinimumVisualStudioVersion = 10.0.40219.1
Project("{FAE04EC0-301F-11D3-BF4B-00C04F79EFBC}") = "VirtualServer", "VirtualServer\VirtualServer.csproj", "{C0A084FE-91E0-4A72-996E-5AD393B5A97B}"
EndProject
Project("{FAE04EC0-301F-11D3-BF4B-00C04F79EFBC}") = "GameServer", "GameServer\GameServer.csproj", "{09F1A477-311C-4127-AD86-6FE5EDE1518C}"
EndProject
Project("{FAE04EC0-301F-11D3-BF4B-00C04F79EFBC}") = "Externals", "Externals\Externals.csproj", "{CB8429E0-4DEF-44D3-A8B0-7BD3AFDEED83}"
EndProject
Global
	GlobalSection(SolutionConfigurationPlatforms) = preSolution
		Debug|Any CPU = Debug|Any CPU
		Release|Any CPU = Release|Any CPU
	EndGlobalSection
	GlobalSection(ProjectConfigurationPlatforms) = postSolution
		{C0A084FE-91E0-4A72-996E-5AD393B5A97B}.Debug|Any CPU.ActiveCfg = Debug|Any CPU
		{C0A084FE-91E0-4A72-996E-5AD393B5A97B}.Debug|Any CPU.Build.0 = Debug|Any CPU
		{C0A084FE-91E0-4A72-996E-5AD393B5A97B}.Release|Any CPU.ActiveCfg = Release|Any CPU
		{C0A084FE-91E0-4A72-996E-5AD393B5A97B}.Release|Any CPU.Build.0 = Release|Any CPU
		{09F1A477-311C-4127-AD86-6FE5EDE1518C}.Debug|Any CPU.ActiveCfg = Debug|Any CPU
		{09F1A477-311C-4127-AD86-6FE5EDE1518C}.Debug|Any CPU.Build.0 = Debug|Any CPU
		{09F1A477-311C-4127-AD86-6FE5EDE1518C}.Release|Any CPU.ActiveCfg = Release|Any CPU
		{09F1A477-311C-4127-AD86-6FE5EDE1518C}.Release|Any CPU.Build.0 = Release|Any CPU
		{CB8429E0-4DEF-44D3-A8B0-7BD3AFDEED83}.Debug|Any CPU.ActiveCfg = Debug|Any CPU
		{CB8429E0-4DEF-44D3-A8B0-7BD3AFDEED83}.Debug|Any CPU.Build.0 = Debug|Any CPU
		{CB8429E0-4DEF-44D3-A8B0-7BD3AFDEED83}.Release|Any CPU.ActiveCfg = Release|Any CPU
		{CB8429E0-4DEF-44D3-A8B0-7BD3AFDEED83}.Release|Any CPU.Build.0 = Release|Any CPU
	EndGlobalSection
	GlobalSection(SolutionProperties) = preSolution
		HideSolutionNode = FALSE
	EndGlobalSection
	GlobalSection(ExtensibilityGlobals) = postSolution
		SolutionGuid = {3613FA2B-AAA7-42B1-8D2F-0AA4E4895439}
	EndGlobalSection
EndGlobal
